
Microsoft Visual Studio Solution File, Format Version 12.00
# Visual Studio Version 16
VisualStudioVersion = 16.0.31321.278
MinimumVisualStudioVersion = 10.0.40219.1
Project("{8BC9CEB8-8B4A-11D0-8D11-00A0C91BC942}") = "minisql", "minisql\minisql.vcxproj", "{BA801496-BA5C-47C4-81A4-49BBBEF745E5}"
EndProject
Global
	GlobalSection(SolutionConfigurationPlatforms) = preSolution
		Debug|ARM = Debug|ARM
		Debug|ARM64 = Debug|ARM64
		Debug|x64 = Debug|x64
		Debug|x86 = Debug|x86
		Release|ARM = Release|ARM
		Release|ARM64 = Release|ARM64
		Release|x64 = Release|x64
		Release|x86 = Release|x86
	EndGlobalSection
	GlobalSection(ProjectConfigurationPlatforms) = postSolution
		{BA801496-BA5C-47C4-81A4-49BBBEF745E5}.Debug|ARM.ActiveCfg = Debug|ARM
		{BA801496-BA5C-47C4-81A4-49BBBEF745E5}.Debug|ARM.Build.0 = Debug|ARM
		{BA801496-BA5C-47C4-81A4-49BBBEF745E5}.Debug|ARM.Deploy.0 = Debug|ARM
		{BA801496-BA5C-47C4-81A4-49BBBEF745E5}.Debug|ARM64.ActiveCfg = Debug|ARM64
		{BA801496-BA5C-47C4-81A4-49BBBEF745E5}.Debug|ARM64.Build.0 = Debug|ARM64
		{BA801496-BA5C-47C4-81A4-49BBBEF745E5}.Debug|ARM64.Deploy.0 = Debug|ARM64
		{BA801496-BA5C-47C4-81A4-49BBBEF745E5}.Debug|x64.ActiveCfg = Debug|x64
		{BA801496-BA5C-47C4-81A4-49BBBEF745E5}.Debug|x64.Build.0 = Debug|x64
		{BA801496-BA5C-47C4-81A4-49BBBEF745E5}.Debug|x64.Deploy.0 = Debug|x64
		{BA801496-BA5C-47C4-81A4-49BBBEF745E5}.Debug|x86.ActiveCfg = Debug|x86
		{BA801496-BA5C-47C4-81A4-49BBBEF745E5}.Debug|x86.Build.0 = Debug|x86
		{BA801496-BA5C-47C4-81A4-49BBBEF745E5}.Debug|x86.Deploy.0 = Debug|x86
		{BA801496-BA5C-47C4-81A4-49BBBEF745E5}.Release|ARM.ActiveCfg = Release|ARM
		{BA801496-BA5C-47C4-81A4-49BBBEF745E5}.Release|ARM.Build.0 = Release|ARM
		{BA801496-BA5C-47C4-81A4-49BBBEF745E5}.Release|ARM.Deploy.0 = Release|ARM
		{BA801496-BA5C-47C4-81A4-49BBBEF745E5}.Release|ARM64.ActiveCfg = Release|ARM64
		{BA801496-BA5C-47C4-81A4-49BBBEF745E5}.Release|ARM64.Build.0 = Release|ARM64
		{BA801496-BA5C-47C4-81A4-49BBBEF745E5}.Release|ARM64.Deploy.0 = Release|ARM64
		{BA801496-BA5C-47C4-81A4-49BBBEF745E5}.Release|x64.ActiveCfg = Release|x64
		{BA801496-BA5C-47C4-81A4-49BBBEF745E5}.Release|x64.Build.0 = Release|x64
		{BA801496-BA5C-47C4-81A4-49BBBEF745E5}.Release|x64.Deploy.0 = Release|x64
		{BA801496-BA5C-47C4-81A4-49BBBEF745E5}.Release|x86.ActiveCfg = Release|x86
		{BA801496-BA5C-47C4-81A4-49BBBEF745E5}.Release|x86.Build.0 = Release|x86
		{BA801496-BA5C-47C4-81A4-49BBBEF745E5}.Release|x86.Deploy.0 = Release|x86
	EndGlobalSection
	GlobalSection(SolutionProperties) = preSolution
		HideSolutionNode = FALSE
	EndGlobalSection
	GlobalSection(ExtensibilityGlobals) = postSolution
		SolutionGuid = {F78989FE-373A-49AD-B26E-53FB81058C91}
	EndGlobalSection
EndGlobal
